{
	"archiveVersion": "1",
	"classes": {},
	"objectVersion": "54",
	"objects": {
		"0042D917-C6CF-4690-8F5F-D58413545ED2": {
			"fileRef": "2AB2DC1D-D937-4FA8-B67B-1A781E69648D",
			"isa": "PBXBuildFile"
		},
		"0CAFB4B7-2C30-436C-A408-8EB23547126A": {
			"fileRef": "25C1DB40-4074-492F-B49D-EA658F84EEA3",
			"isa": "PBXBuildFile"
		},
		"0D1823B0-D920-4BF3-A2B9-3AA8659C0CE5": {
			"fileRef": "551B5775-ECEC-499E-AC87-8D467FA011D7",
			"isa": "PBXBuildFile"
		},
		"106908F6-D8BD-4CA6-85EB-D16809C43016": {
			"children": [
				"B65BC187-97EB-4128-BFF9-BCFB821E12A7",
				"717B3AEA-6425-49D8-924B-64139CF74F16",
				"4D473A43-B855-4424-A5B4-F595995B3916",
				"8B0DD63D-5C2B-4EC5-B731-F28791472690",
				"25C1DB40-4074-492F-B49D-EA658F84EEA3",
				"3AD38DF8-6368-409F-8C7A-205B6CB48F2C",
				"8F464F24-7513-4F0C-8E23-0E256ACC86F3",
				"7E88CBC9-879E-44E2-8286-45C5DEE2E497",
				"70F46883-63A0-4F76-AB3B-B9995F9262EC",
				"B19372D3-F4A0-4A1F-836D-5B31B61EF1B0",
				"BB3F4E44-A71A-40B6-8769-E1C57F9722D9",
				"D8F1226E-280D-4E93-9C53-0FE5CE5DCEB3",
				"49FF9DB6-AB53-42EA-9E0B-5CE31269E6CA",
				"40624EB0-4504-49A6-A30C-A10FCC372636",
				"94A10640-C0E7-4980-A304-03048686B896",
				"7D0D570D-4756-4141-BDA7-69B89D3AEF19",
				"2AB2DC1D-D937-4FA8-B67B-1A781E69648D",
				"304FB6E4-796E-4705-A421-0B408D267A54",
				"551B5775-ECEC-499E-AC87-8D467FA011D7",
				"AD1EC2F4-AEF9-4DA8-B62C-61B29482B322",
				"8FEE0859-A9EA-460C-B43C-1E9C00E6E37F",
				"FEA28FF6-C817-4A33-B89B-76F2E11329C4"
			],
			"isa": "PBXGroup",
			"name": "src",
			"path": "../../../addons/ofxGui/src",
			"sourceTree": "SOURCE_ROOT"
		},
		"191CD6FA2847E21E0085CBB6": {
			"fileEncoding": "4",
			"isa": "PBXFileReference",
			"lastKnownFileType": "text.plist.entitlements",
			"path": "of.entitlements",
			"sourceTree": "<group>"
		},
		"191EF70929D778A400F35F26": {
			"isa": "PBXFileReference",
			"lastKnownFileType": "folder",
			"name": "openFrameworks",
			"path": "../../../libs/openFrameworks",
			"sourceTree": "SOURCE_ROOT"
		},
		"19B789C429E5AB4A0082E9B8": {
			"buildActionMask": "2147483647",
			"files": [],
			"inputFileListPaths": [],
			"inputPaths": [],
			"isa": "PBXShellScriptBuildPhase",
			"outputFileListPaths": [],
			"outputPaths": [],
			"runOnlyForDeploymentPostprocessing": "0",
			"shellPath": "/bin/sh",
			"shellScript": "\"$OF_PATH/scripts/osx/xcode_project.sh\"\n",
			"showEnvVarsInLog": "0"
		},
		"25C1DB40-4074-492F-B49D-EA658F84EEA3": {
			"explicitFileType": "sourcecode.cpp.cpp",
			"fileEncoding": "4",
			"isa": "PBXFileReference",
			"name": "ofxColorPicker.cpp",
			"path": "../../../addons/ofxGui/src/ofxColorPicker.cpp",
			"sourceTree": "SOURCE_ROOT"
		},
		"2AB2DC1D-D937-4FA8-B67B-1A781E69648D": {
			"explicitFileType": "sourcecode.cpp.cpp",
			"fileEncoding": "4",
			"isa": "PBXFileReference",
			"name": "ofxSlider.cpp",
			"path": "../../../addons/ofxGui/src/ofxSlider.cpp",
			"sourceTree": "SOURCE_ROOT"
		},
		"304FB6E4-796E-4705-A421-0B408D267A54": {
			"explicitFileType": "sourcecode.c.h",
			"fileEncoding": "4",
			"isa": "PBXFileReference",
			"name": "ofxSlider.h",
			"path": "../../../addons/ofxGui/src/ofxSlider.h",
			"sourceTree": "SOURCE_ROOT"
		},
		"3AD38DF8-6368-409F-8C7A-205B6CB48F2C": {
			"explicitFileType": "sourcecode.c.h",
			"fileEncoding": "4",
			"isa": "PBXFileReference",
			"name": "ofxColorPicker.h",
			"path": "../../../addons/ofxGui/src/ofxColorPicker.h",
			"sourceTree": "SOURCE_ROOT"
		},
		"40624EB0-4504-49A6-A30C-A10FCC372636": {
			"explicitFileType": "sourcecode.c.h",
			"fileEncoding": "4",
			"isa": "PBXFileReference",
			"name": "ofxLabel.h",
			"path": "../../../addons/ofxGui/src/ofxLabel.h",
			"sourceTree": "SOURCE_ROOT"
		},
		"49FF9DB6-AB53-42EA-9E0B-5CE31269E6CA": {
			"explicitFileType": "sourcecode.cpp.cpp",
			"fileEncoding": "4",
			"isa": "PBXFileReference",
			"name": "ofxLabel.cpp",
			"path": "../../../addons/ofxGui/src/ofxLabel.cpp",
			"sourceTree": "SOURCE_ROOT"
		},
		"4D473A43-B855-4424-A5B4-F595995B3916": {
			"explicitFileType": "sourcecode.cpp.cpp",
			"fileEncoding": "4",
			"isa": "PBXFileReference",
			"name": "ofxButton.cpp",
			"path": "../../../addons/ofxGui/src/ofxButton.cpp",
			"sourceTree": "SOURCE_ROOT"
		},
		"551B5775-ECEC-499E-AC87-8D467FA011D7": {
			"explicitFileType": "sourcecode.cpp.cpp",
			"fileEncoding": "4",
			"isa": "PBXFileReference",
			"name": "ofxSliderGroup.cpp",
			"path": "../../../addons/ofxGui/src/ofxSliderGroup.cpp",
			"sourceTree": "SOURCE_ROOT"
		},
		"64E37101-366C-4B1C-9A4F-0F655E144E2D": {
			"fileRef": "8FEE0859-A9EA-460C-B43C-1E9C00E6E37F",
			"isa": "PBXBuildFile"
		},
		"70F46883-63A0-4F76-AB3B-B9995F9262EC": {
			"explicitFileType": "sourcecode.c.h",
			"fileEncoding": "4",
			"isa": "PBXFileReference",
			"name": "ofxGuiGroup.h",
			"path": "../../../addons/ofxGui/src/ofxGuiGroup.h",
			"sourceTree": "SOURCE_ROOT"
		},
		"717B3AEA-6425-49D8-924B-64139CF74F16": {
			"explicitFileType": "sourcecode.c.h",
			"fileEncoding": "4",
			"isa": "PBXFileReference",
			"name": "ofxBaseGui.h",
			"path": "../../../addons/ofxGui/src/ofxBaseGui.h",
			"sourceTree": "SOURCE_ROOT"
		},
		"7D0D570D-4756-4141-BDA7-69B89D3AEF19": {
			"explicitFileType": "sourcecode.c.h",
			"fileEncoding": "4",
			"isa": "PBXFileReference",
			"name": "ofxPanel.h",
			"path": "../../../addons/ofxGui/src/ofxPanel.h",
			"sourceTree": "SOURCE_ROOT"
		},
		"7E88CBC9-879E-44E2-8286-45C5DEE2E497": {
			"explicitFileType": "sourcecode.cpp.cpp",
			"fileEncoding": "4",
			"isa": "PBXFileReference",
			"name": "ofxGuiGroup.cpp",
			"path": "../../../addons/ofxGui/src/ofxGuiGroup.cpp",
			"sourceTree": "SOURCE_ROOT"
		},
		"7F26F6DA-4642-4578-9356-7AFC7ACFD969": {
			"fileRef": "7E88CBC9-879E-44E2-8286-45C5DEE2E497",
			"isa": "PBXBuildFile"
		},
		"8B0DD63D-5C2B-4EC5-B731-F28791472690": {
			"explicitFileType": "sourcecode.c.h",
			"fileEncoding": "4",
			"isa": "PBXFileReference",
			"name": "ofxButton.h",
			"path": "../../../addons/ofxGui/src/ofxButton.h",
			"sourceTree": "SOURCE_ROOT"
		},
		"8F464F24-7513-4F0C-8E23-0E256ACC86F3": {
			"explicitFileType": "sourcecode.c.h",
			"fileEncoding": "4",
			"isa": "PBXFileReference",
			"name": "ofxGui.h",
			"path": "../../../addons/ofxGui/src/ofxGui.h",
			"sourceTree": "SOURCE_ROOT"
		},
		"8FEE0859-A9EA-460C-B43C-1E9C00E6E37F": {
			"explicitFileType": "sourcecode.cpp.cpp",
			"fileEncoding": "4",
			"isa": "PBXFileReference",
			"name": "ofxToggle.cpp",
			"path": "../../../addons/ofxGui/src/ofxToggle.cpp",
			"sourceTree": "SOURCE_ROOT"
		},
		"94A10640-C0E7-4980-A304-03048686B896": {
			"explicitFileType": "sourcecode.cpp.cpp",
			"fileEncoding": "4",
			"isa": "PBXFileReference",
			"name": "ofxPanel.cpp",
			"path": "../../../addons/ofxGui/src/ofxPanel.cpp",
			"sourceTree": "SOURCE_ROOT"
		},
		"AD1EC2F4-AEF9-4DA8-B62C-61B29482B322": {
			"explicitFileType": "sourcecode.c.h",
			"fileEncoding": "4",
			"isa": "PBXFileReference",
			"name": "ofxSliderGroup.h",
			"path": "../../../addons/ofxGui/src/ofxSliderGroup.h",
			"sourceTree": "SOURCE_ROOT"
		},
		"AD49C3A6-9138-4902-B607-C296D963E6B5": {
			"fileRef": "49FF9DB6-AB53-42EA-9E0B-5CE31269E6CA",
			"isa": "PBXBuildFile"
		},
		"B19372D3-F4A0-4A1F-836D-5B31B61EF1B0": {
			"explicitFileType": "sourcecode.c.h",
			"fileEncoding": "4",
			"isa": "PBXFileReference",
			"name": "ofxGuiUtils.h",
			"path": "../../../addons/ofxGui/src/ofxGuiUtils.h",
			"sourceTree": "SOURCE_ROOT"
		},
		"B65BC187-97EB-4128-BFF9-BCFB821E12A7": {
			"explicitFileType": "sourcecode.cpp.cpp",
			"fileEncoding": "4",
			"isa": "PBXFileReference",
			"name": "ofxBaseGui.cpp",
			"path": "../../../addons/ofxGui/src/ofxBaseGui.cpp",
			"sourceTree": "SOURCE_ROOT"
		},
		"BB3F4E44-A71A-40B6-8769-E1C57F9722D9": {
			"explicitFileType": "sourcecode.cpp.cpp",
			"fileEncoding": "4",
			"isa": "PBXFileReference",
			"name": "ofxInputField.cpp",
			"path": "../../../addons/ofxGui/src/ofxInputField.cpp",
			"sourceTree": "SOURCE_ROOT"
		},
		"BB4B014C10F69532006C3DED": {
			"children": [
				"BEF7ECD4-768A-4638-8886-B4D365DC86DC"
			],
			"isa": "PBXGroup",
			"name": "addons",
			"path": "../../../addons",
			"sourceTree": "<group>"
		},
		"BEF7ECD4-768A-4638-8886-B4D365DC86DC": {
			"children": [
				"106908F6-D8BD-4CA6-85EB-D16809C43016"
			],
			"isa": "PBXGroup",
			"name": "ofxGui",
			"path": "../../../addons/ofxGui",
			"sourceTree": "SOURCE_ROOT"
		},
		"D8F1226E-280D-4E93-9C53-0FE5CE5DCEB3": {
			"explicitFileType": "sourcecode.c.h",
			"fileEncoding": "4",
			"isa": "PBXFileReference",
			"name": "ofxInputField.h",
			"path": "../../../addons/ofxGui/src/ofxInputField.h",
			"sourceTree": "SOURCE_ROOT"
		},
		"E42962A92163ECCD00A6A9E2": {
			"alwaysOutOfDate": "1",
			"buildActionMask": "2147483647",
			"files": [],
			"inputPaths": [],
			"isa": "PBXShellScriptBuildPhase",
			"name": "Run Script — Compile OF",
			"outputPaths": [],
			"runOnlyForDeploymentPostprocessing": "0",
			"shellPath": "/bin/sh",
			"shellScript": "echo \"💾 Compiling Openframeworks\"\nxcodebuild -project \"$OF_PATH/libs/openFrameworksCompiled/project/osx/openFrameworksLib.xcodeproj\" -target openFrameworks -configuration \"${CONFIGURATION}\"  CLANG_CXX_LANGUAGE_STANDARD=$CLANG_CXX_LANGUAGE_STANDARD MACOSX_DEPLOYMENT_TARGET=$MACOSX_DEPLOYMENT_TARGET GCC_PREPROCESSOR_DEFINITIONS=$USER_PREPROCESSOR_DEFINITIONS\n",
			"showEnvVarsInLog": "0"
		},
		"E4A5B60F29BAAAE400C2D356": {
			"buildActionMask": "2147483647",
			"dstPath": "",
			"dstSubfolderSpec": "6",
			"files": [],
			"isa": "PBXCopyFilesBuildPhase",
			"runOnlyForDeploymentPostprocessing": "0"
		},
		"E4B69B4A0A3A1720003C02F2": {
			"children": [
				"191CD6FA2847E21E0085CBB6",
				"E4B6FCAD0C3E899E008CF71C",
				"E4EB6923138AFD0F00A09F29",
				"E4B69E1C0A3A1BDC003C02F2",
				"191EF70929D778A400F35F26",
				"BB4B014C10F69532006C3DED",
				"E4B69B5B0A3A1756003C02F2"
			],
			"isa": "PBXGroup",
			"sourceTree": "<group>"
		},
		"E4B69B4C0A3A1720003C02F2": {
			"attributes": {
				"LastUpgradeCheck": "0600"
			},
			"buildConfigurationList": "E4B69B4D0A3A1720003C02F2",
			"compatibilityVersion": "Xcode 3.2",
			"developmentRegion": "en",
			"hasScannedForEncodings": "0",
			"isa": "PBXProject",
			"knownRegions": [
				"en",
				"Base"
			],
			"mainGroup": "E4B69B4A0A3A1720003C02F2",
			"productRefGroup": "E4B69B4A0A3A1720003C02F2",
			"projectDirPath": "",
			"projectRoot": "",
			"targets": [
				"E4B69B5A0A3A1756003C02F2"
			]
		},
		"E4B69B4D0A3A1720003C02F2": {
			"buildConfigurations": [
				"E4B69B4E0A3A1720003C02F2",
				"E4B69B4F0A3A1720003C02F2"
			],
			"defaultConfigurationIsVisible": "0",
			"defaultConfigurationName": "Release",
			"isa": "XCConfigurationList"
		},
		"E4B69B4E0A3A1720003C02F2": {
			"baseConfigurationReference": "E4EB6923138AFD0F00A09F29",
			"buildSettings": {
				"CODE_SIGN_ENTITLEMENTS": "of.entitlements",
				"COPY_PHASE_STRIP": "NO",
				"ENABLE_TESTABILITY": "YES",
				"GCC_OPTIMIZATION_LEVEL": "0",
				"GCC_WARN_UNUSED_VARIABLE": "NO",
				"HEADER_SEARCH_PATHS": [
					"$(OF_CORE_HEADERS)",
					"src"
				],
				"OTHER_CPLUSPLUSFLAGS": "-D__MACOSX_CORE__"
			},
			"isa": "XCBuildConfiguration",
			"name": "Debug"
		},
		"E4B69B4F0A3A1720003C02F2": {
			"baseConfigurationReference": "E4EB6923138AFD0F00A09F29",
			"buildSettings": {
				"CODE_SIGN_ENTITLEMENTS": "of.entitlements",
				"COPY_PHASE_STRIP": "YES",
				"GCC_OPTIMIZATION_LEVEL": "3",
				"GCC_UNROLL_LOOPS": "YES",
				"HEADER_SEARCH_PATHS": [
					"$(OF_CORE_HEADERS)",
					"src"
				],
				"OTHER_CPLUSPLUSFLAGS": "-D__MACOSX_CORE__"
			},
			"isa": "XCBuildConfiguration",
			"name": "Release"
		},
		"E4B69B580A3A1756003C02F2": {
			"buildActionMask": "2147483647",
			"files": [
				"E4B69E200A3A1BDC003C02F2",
				"E4B69E210A3A1BDC003C02F2",
				"FE8CF9AA-5650-474D-A055-8F187E63065C",
				"EB804552-E1ED-4B91-B0CD-68E759AEDC21",
				"0CAFB4B7-2C30-436C-A408-8EB23547126A",
				"7F26F6DA-4642-4578-9356-7AFC7ACFD969",
				"F38B9083-C9E9-490E-867A-B890295D6E8E",
				"AD49C3A6-9138-4902-B607-C296D963E6B5",
				"F64A463F-A888-4B23-9AB5-A51573B290B1",
				"0042D917-C6CF-4690-8F5F-D58413545ED2",
				"0D1823B0-D920-4BF3-A2B9-3AA8659C0CE5",
				"64E37101-366C-4B1C-9A4F-0F655E144E2D"
			],
			"isa": "PBXSourcesBuildPhase",
			"runOnlyForDeploymentPostprocessing": "0"
		},
		"E4B69B590A3A1756003C02F2": {
			"buildActionMask": "2147483647",
			"files": [],
			"isa": "PBXFrameworksBuildPhase",
			"runOnlyForDeploymentPostprocessing": "0"
		},
		"E4B69B5A0A3A1756003C02F2": {
			"buildConfigurationList": "E4B69B5F0A3A1757003C02F2",
			"buildPhases": [
				"E42962A92163ECCD00A6A9E2",
				"E4B69B580A3A1756003C02F2",
				"E4B69B590A3A1756003C02F2",
				"E4C2427710CC5ABF004149E2",
				"E4A5B60F29BAAAE400C2D356",
				"19B789C429E5AB4A0082E9B8"
			],
			"buildRules": [],
			"dependencies": [],
			"isa": "PBXNativeTarget",
			"name": "espejo-de-codigo",
			"productName": "myOFApp",
			"productReference": "E4B69B5B0A3A1756003C02F2",
			"productType": "com.apple.product-type.application"
		},
		"E4B69B5B0A3A1756003C02F2": {
			"explicitFileType": "wrapper.application",
			"includeInIndex": "0",
			"isa": "PBXFileReference",
			"path": "espejo-de-codigoDebug.app",
			"sourceTree": "BUILT_PRODUCTS_DIR"
		},
		"E4B69B5F0A3A1757003C02F2": {
			"buildConfigurations": [
				"E4B69B600A3A1757003C02F2",
				"E4B69B610A3A1757003C02F2"
			],
			"defaultConfigurationIsVisible": "0",
			"defaultConfigurationName": "Release",
			"isa": "XCConfigurationList"
		},
		"E4B69B600A3A1757003C02F2": {
			"baseConfigurationReference": "E4EB6923138AFD0F00A09F29",
			"buildSettings": {
				"ARCHS": "$(ARCHS_STANDARD)",
				"COPY_PHASE_STRIP": "NO",
				"FRAMEWORK_SEARCH_PATHS": "$(inherited)",
				"GCC_DYNAMIC_NO_PIC": "NO",
				"HEADER_SEARCH_PATHS": [
					"$(OF_CORE_HEADERS)",
					"src",
					"src",
					"../../../addons/ofxGui/src"
				],
				"LIBRARY_SEARCH_PATHS": "$(inherited)",
				"OTHER_LDFLAGS": [
					"$(OF_CORE_LIBS)",
					"$(OF_CORE_FRAMEWORKS)",
					"$(LIB_OF_DEBUG)"
				]
			},
			"isa": "XCBuildConfiguration",
			"name": "Debug"
		},
		"E4B69B610A3A1757003C02F2": {
			"baseConfigurationReference": "E4EB6923138AFD0F00A09F29",
			"buildSettings": {
				"ARCHS": "$(ARCHS_STANDARD)",
				"COPY_PHASE_STRIP": "YES",
				"FRAMEWORK_SEARCH_PATHS": "$(inherited)",
				"HEADER_SEARCH_PATHS": [
					"$(OF_CORE_HEADERS)",
					"src",
					"src",
					"../../../addons/ofxGui/src"
				],
				"LIBRARY_SEARCH_PATHS": "$(inherited)",
				"OTHER_LDFLAGS": [
					"$(OF_CORE_LIBS)",
					"$(OF_CORE_FRAMEWORKS)",
					"$(LIB_OF)"
				],
				"baseConfigurationReference": "E4EB6923138AFD0F00A09F29"
			},
			"isa": "XCBuildConfiguration",
			"name": "Release"
		},
		"E4B69E1C0A3A1BDC003C02F2": {
			"children": [
				"E4B69E1D0A3A1BDC003C02F2",
				"E4B69E1E0A3A1BDC003C02F2",
				"E4B69E1F0A3A1BDC003C02F2"
			],
			"isa": "PBXGroup",
			"path": "src",
			"sourceTree": "SOURCE_ROOT"
		},
		"E4B69E1D0A3A1BDC003C02F2": {
			"fileEncoding": "4",
			"isa": "PBXFileReference",
			"lastKnownFileType": "sourcecode.cpp.cpp",
			"name": "main.cpp",
			"path": "src/main.cpp",
			"sourceTree": "SOURCE_ROOT"
		},
		"E4B69E1E0A3A1BDC003C02F2": {
			"explicitFileType": "sourcecode.cpp.cpp",
			"fileEncoding": "4",
			"isa": "PBXFileReference",
			"name": "ofApp.cpp",
			"path": "src/ofApp.cpp",
			"sourceTree": "SOURCE_ROOT"
		},
		"E4B69E1F0A3A1BDC003C02F2": {
			"fileEncoding": "4",
			"isa": "PBXFileReference",
			"lastKnownFileType": "sourcecode.c.h",
			"name": "ofApp.h",
			"path": "src/ofApp.h",
			"sourceTree": "SOURCE_ROOT"
		},
		"E4B69E200A3A1BDC003C02F2": {
			"fileRef": "E4B69E1D0A3A1BDC003C02F2",
			"isa": "PBXBuildFile"
		},
		"E4B69E210A3A1BDC003C02F2": {
			"fileRef": "E4B69E1E0A3A1BDC003C02F2",
			"isa": "PBXBuildFile"
		},
		"E4B6FCAD0C3E899E008CF71C": {
			"fileEncoding": "4",
			"isa": "PBXFileReference",
			"lastKnownFileType": "text.plist.xml",
			"path": "openFrameworks-Info.plist",
			"sourceTree": "<group>"
		},
		"E4C2427710CC5ABF004149E2": {
			"buildActionMask": "2147483647",
			"dstPath": "",
			"dstSubfolderSpec": "10",
			"files": [],
			"isa": "PBXCopyFilesBuildPhase",
			"runOnlyForDeploymentPostprocessing": "0"
		},
		"E4EB6923138AFD0F00A09F29": {
			"fileEncoding": "4",
			"isa": "PBXFileReference",
			"lastKnownFileType": "text.xcconfig",
			"path": "Project.xcconfig",
			"sourceTree": "<group>"
		},
		"EB804552-E1ED-4B91-B0CD-68E759AEDC21": {
			"fileRef": "4D473A43-B855-4424-A5B4-F595995B3916",
			"isa": "PBXBuildFile"
		},
		"F38B9083-C9E9-490E-867A-B890295D6E8E": {
			"fileRef": "BB3F4E44-A71A-40B6-8769-E1C57F9722D9",
			"isa": "PBXBuildFile"
		},
		"F64A463F-A888-4B23-9AB5-A51573B290B1": {
			"fileRef": "94A10640-C0E7-4980-A304-03048686B896",
			"isa": "PBXBuildFile"
		},
		"FE8CF9AA-5650-474D-A055-8F187E63065C": {
			"fileRef": "B65BC187-97EB-4128-BFF9-BCFB821E12A7",
			"isa": "PBXBuildFile"
		},
		"FEA28FF6-C817-4A33-B89B-76F2E11329C4": {
			"explicitFileType": "sourcecode.c.h",
			"fileEncoding": "4",
			"isa": "PBXFileReference",
			"name": "ofxToggle.h",
			"path": "../../../addons/ofxGui/src/ofxToggle.h",
			"sourceTree": "SOURCE_ROOT"
		}
	},
	"openFrameworksProjectGeneratorVersion": "21",
	"rootObject": "E4B69B4C0A3A1720003C02F2"
}